<?xml version="1.0" encoding="utf-8"?>
<Project ToolsVersion="4.0" xmlns="http://schemas.microsoft.com/developer/msbuild/2003">
  <ItemGroup>
    <Filter Include="Source Files">
      <UniqueIdentifier>{4FC737F1-C7A5-4376-A066-2A32D752A2FF}</UniqueIdentifier>
      <Extensions>cpp;c;cc;cxx;def;odl;idl;hpj;bat;asm;asmx</Extensions>
    </Filter>
    <Filter Include="Math">
      <UniqueIdentifier>{ae55b329-9fb5-4bce-a934-2d8907987d1e}</UniqueIdentifier>
    </Filter>
    <Filter Include="Graphics">
      <UniqueIdentifier>{cdf4ff5b-3974-4a02-bae7-4c56633eb36a}</UniqueIdentifier>
    </Filter>
    <Filter Include="Systems">
      <UniqueIdentifier>{93995380-89BD-4b04-88EB-625FBE52EBFB}</UniqueIdentifier>
      <Extensions>h;hh;hpp;hxx;hm;inl;inc;ipp;xsd</Extensions>
    </Filter>
    <Filter Include="Objects">
      <UniqueIdentifier>{db8ef763-70de-40ab-9997-1eb35ce68948}</UniqueIdentifier>
    </Filter>
    <Filter Include="Components">
      <UniqueIdentifier>{7567a999-67aa-4514-93c2-c0f45f0ca629}</UniqueIdentifier>
    </Filter>
    <Filter Include="Physics">
      <UniqueIdentifier>{57864fe1-4c72-438c-bba6-b225a346248f}</UniqueIdentifier>
    </Filter>
    <Filter Include="Event">
      <UniqueIdentifier>{47763186-cdcb-44e7-8946-9e79cafa593e}</UniqueIdentifier>
    </Filter>
    <Filter Include="Framework">
      <UniqueIdentifier>{90a0d7ff-ab91-4e79-9ffb-e2325c4c4734}</UniqueIdentifier>
    </Filter>
  </ItemGroup>
  <ItemGroup>
    <ClInclude Include="inputManager.h">
      <Filter>Systems</Filter>
    </ClInclude>
    <ClInclude Include="audioSystem.h">
      <Filter>Systems</Filter>
    </ClInclude>
    <ClInclude Include="matrix22.h">
      <Filter>Math</Filter>
    </ClInclude>
    <ClInclude Include="matrix33.h">
      <Filter>Math</Filter>
    </ClInclude>
    <ClInclude Include="vector2D.h">
      <Filter>Math</Filter>
    </ClInclude>
    <ClInclude Include="vector3D.h">
      <Filter>Math</Filter>
    </ClInclude>
    <ClInclude Include="textureManager.h">
      <Filter>Graphics</Filter>
    </ClInclude>
    <ClInclude Include="renderer.h">
      <Filter>Graphics</Filter>
    </ClInclude>
    <ClInclude Include="color.h">
      <Filter>Graphics</Filter>
    </ClInclude>
    <ClInclude Include="timer.h">
      <Filter>Systems</Filter>
    </ClInclude>
    <ClInclude Include="engine.h">
      <Filter>Source Files</Filter>
    </ClInclude>
    <ClInclude Include="textManager.h">
      <Filter>Graphics</Filter>
    </ClInclude>
    <ClInclude Include="text.h">
      <Filter>Graphics</Filter>
    </ClInclude>
    <ClInclude Include="_math.h">
      <Filter>Math</Filter>
    </ClInclude>
    <ClInclude Include="id.h">
      <Filter>Objects</Filter>
    </ClInclude>
    <ClInclude Include="object.h">
      <Filter>Objects</Filter>
    </ClInclude>
    <ClInclude Include="entity.h">
      <Filter>Objects</Filter>
    </ClInclude>
    <ClInclude Include="component.h">
      <Filter>Components</Filter>
    </ClInclude>
    <ClInclude Include="renderComponent.h">
      <Filter>Components</Filter>
    </ClInclude>
    <ClInclude Include="spriteComponent.h">
      <Filter>Components</Filter>
    </ClInclude>
    <ClInclude Include="texture.h">
      <Filter>Graphics</Filter>
    </ClInclude>
    <ClInclude Include="controllerComponent.h">
      <Filter>Components</Filter>
    </ClInclude>
    <ClInclude Include="scene.h">
      <Filter>Objects</Filter>
    </ClInclude>
    <ClInclude Include="physicsComponent.h">
      <Filter>Components</Filter>
    </ClInclude>
    <ClInclude Include="kinematicComponent.h">
      <Filter>Components</Filter>
    </ClInclude>
    <ClInclude Include="transform.h">
      <Filter>Math</Filter>
    </ClInclude>
    <ClInclude Include="fileSystem.h">
      <Filter>Systems</Filter>
    </ClInclude>
    <ClInclude Include="collisionComponent.h">
      <Filter>Components</Filter>
    </ClInclude>
    <ClInclude Include="aabb.h">
      <Filter>Physics</Filter>
    </ClInclude>
    <ClInclude Include="physics.h">
      <Filter>Physics</Filter>
    </ClInclude>
    <ClInclude Include="aabbComponent.h">
      <Filter>Components</Filter>
    </ClInclude>
    <ClInclude Include="event.h">
      <Filter>Event</Filter>
    </ClInclude>
    <ClInclude Include="textComponent.h">
      <Filter>Components</Filter>
    </ClInclude>
    <ClInclude Include="eventReceiver.h">
      <Filter>Event</Filter>
    </ClInclude>
    <ClInclude Include="eventManager.h">
      <Filter>Event</Filter>
    </ClInclude>
    <ClInclude Include="animationComponent.h">
      <Filter>Components</Filter>
    </ClInclude>
    <ClInclude Include="singleton.h">
      <Filter>Framework</Filter>
    </ClInclude>
    <ClInclude Include="state.h">
      <Filter>Framework</Filter>
    </ClInclude>
    <ClInclude Include="stateMachine.h">
      <Filter>Framework</Filter>
    </ClInclude>
    <ClInclude Include="variant.h">
      <Filter>Framework</Filter>
    </ClInclude>
    <ClInclude Include="waypoint.h">
      <Filter>Objects</Filter>
    </ClInclude>
    <ClInclude Include="debugDraw.h">
      <Filter>Graphics</Filter>
    </ClInclude>
    <ClInclude Include="waypointControllerComponent.h">
      <Filter>Components</Filter>
    </ClInclude>
    <ClInclude Include="transformControllerComponent.h">
      <Filter>Components</Filter>
    </ClInclude>
  </ItemGroup>
  <ItemGroup>
    <ClCompile Include="engine.cpp">
      <Filter>Source Files</Filter>
    </ClCompile>
    <ClCompile Include="matrix22.cpp">
      <Filter>Math</Filter>
    </ClCompile>
    <ClCompile Include="matrix33.cpp">
      <Filter>Math</Filter>
    </ClCompile>
    <ClCompile Include="vector2D.cpp">
      <Filter>Math</Filter>
    </ClCompile>
    <ClCompile Include="vector3D.cpp">
      <Filter>Math</Filter>
    </ClCompile>
    <ClCompile Include="textureManager.cpp">
      <Filter>Graphics</Filter>
    </ClCompile>
    <ClCompile Include="renderer.cpp">
      <Filter>Graphics</Filter>
    </ClCompile>
    <ClCompile Include="color.cpp">
      <Filter>Graphics</Filter>
    </ClCompile>
    <ClCompile Include="audioSystem.cpp">
      <Filter>Systems</Filter>
    </ClCompile>
    <ClCompile Include="inputManager.cpp">
      <Filter>Systems</Filter>
    </ClCompile>
    <ClCompile Include="timer.cpp">
      <Filter>Systems</Filter>
    </ClCompile>
    <ClCompile Include="textManager.cpp">
      <Filter>Graphics</Filter>
    </ClCompile>
    <ClCompile Include="text.cpp">
      <Filter>Graphics</Filter>
    </ClCompile>
    <ClCompile Include="_math.cpp">
      <Filter>Math</Filter>
    </ClCompile>
    <ClCompile Include="id.cpp">
      <Filter>Objects</Filter>
    </ClCompile>
    <ClCompile Include="Object.cpp">
      <Filter>Objects</Filter>
    </ClCompile>
    <ClCompile Include="entity.cpp">
      <Filter>Objects</Filter>
    </ClCompile>
    <ClCompile Include="component.cpp">
      <Filter>Components</Filter>
    </ClCompile>
    <ClCompile Include="spriteComponent.cpp">
      <Filter>Components</Filter>
    </ClCompile>
    <ClCompile Include="texture.cpp">
      <Filter>Graphics</Filter>
    </ClCompile>
    <ClCompile Include="scene.cpp">
      <Filter>Objects</Filter>
    </ClCompile>
    <ClCompile Include="controllerComponent.cpp">
      <Filter>Components</Filter>
    </ClCompile>
    <ClCompile Include="kinematicComponent.cpp">
      <Filter>Components</Filter>
    </ClCompile>
    <ClCompile Include="transform.cpp">
      <Filter>Math</Filter>
    </ClCompile>
    <ClCompile Include="fileSystem.cpp">
      <Filter>Systems</Filter>
    </ClCompile>
    <ClCompile Include="aabb.cpp">
      <Filter>Physics</Filter>
    </ClCompile>
    <ClCompile Include="physics.cpp">
      <Filter>Physics</Filter>
    </ClCompile>
    <ClCompile Include="aabbComponent.cpp">
      <Filter>Components</Filter>
    </ClCompile>
    <ClCompile Include="textComponent.cpp">
      <Filter>Components</Filter>
    </ClCompile>
    <ClCompile Include="eventManager.cpp">
      <Filter>Event</Filter>
    </ClCompile>
    <ClCompile Include="animationComponent.cpp">
      <Filter>Components</Filter>
    </ClCompile>
    <ClCompile Include="state.cpp">
      <Filter>Framework</Filter>
    </ClCompile>
    <ClCompile Include="stateMachine.cpp">
      <Filter>Framework</Filter>
    </ClCompile>
    <ClCompile Include="waypoint.cpp">
      <Filter>Objects</Filter>
    </ClCompile>
    <ClCompile Include="debugDraw.cpp">
      <Filter>Graphics</Filter>
    </ClCompile>
    <ClCompile Include="waypointControllerComponent.cpp">
      <Filter>Components</Filter>
    </ClCompile>
    <ClCompile Include="transformControllerComponent.cpp">
      <Filter>Components</Filter>
    </ClCompile>
  </ItemGroup>
  <ItemGroup>
    <None Include="cpp.hint">
      <Filter>Source Files</Filter>
    </None>
  </ItemGroup>
</Project>